# This file is automatically @generated by Poetry and should not be changed by hand.

[[package]]
name = "aioconsole"
version = "0.6.2"
description = "Asynchronous console and interfaces for asyncio"
category = "main"
optional = false
python-versions = ">=3.7"
files = [
    {file = "aioconsole-0.6.2-py3-none-any.whl", hash = "sha256:1968021eb03b88fcdf5f5398154b21585e941a7b98c9fcef51c4bb0158156619"},
    {file = "aioconsole-0.6.2.tar.gz", hash = "sha256:bac11286f1062613d2523ceee1ba81c676cd269812b865b66b907448a7b5f63e"},
]

[[package]]
name = "aiofiles"
version = "23.2.1"
description = "File support for asyncio."
category = "main"
optional = false
python-versions = ">=3.7"
files = [
    {file = "aiofiles-23.2.1-py3-none-any.whl", hash = "sha256:19297512c647d4b27a2cf7c34caa7e405c0d60b5560618a29a9fe027b18b0107"},
    {file = "aiofiles-23.2.1.tar.gz", hash = "sha256:84ec2218d8419404abcb9f0c02df3f34c6e0a68ed41072acfb1cef5cbc29051a"},
]

[metadata]
lock-version = "2.0"
python-versions = "^3.11"
content-hash = "7313b550e0fe656e0c893eb45507c397e6f95baf18f55f117347fa4f26291c79"
